# This file is automatically @generated by Cargo.
# It is not intended for manual editing.
version = 3

[[package]]
name = "aho-corasick"
version = "0.7.19"
source = "registry+https://github.com/rust-lang/crates.io-index"
checksum = "b4f55bd91a0978cbfd91c457a164bab8b4001c833b7f323132c0a4e1922dd44e"
dependencies = [
 "memchr",
]

[[package]]
name = "cc"
version = "1.0.74"
source = "registry+https://github.com/rust-lang/crates.io-index"
checksum = "581f5dba903aac52ea3feb5ec4810848460ee833876f1f9b0fdeab1f19091574"

[[package]]
name = "memchr"
version = "2.5.0"
source = "registry+https://github.com/rust-lang/crates.io-index"
checksum = "2dffe52ecf27772e601905b7522cb4ef790d2cc203488bbd0e2fe85fcb74566d"

[[package]]
name = "parser"
version = "0.0.0"
dependencies = [
 "tree-sitter 0.20.9",
 "tree-sitter-erlang",
 "tree-sitter-go",
 "tree-sitter-javascript",
 "tree-sitter-ocaml",
 "tree-sitter-python",
 "tree-sitter-ruby",
 "tree-sitter-rust",
 "tree-sitter-swift",
 "tree-sitter-typescript",
]

[[package]]
name = "regex"
version = "1.6.0"
source = "registry+https://github.com/rust-lang/crates.io-index"
checksum = "4c4eb3267174b8c6c2f654116623910a0fef09c4753f8dd83db29c48a0df988b"
dependencies = [
 "aho-corasick",
 "memchr",
 "regex-syntax",
]

[[package]]
name = "regex-syntax"
version = "0.6.27"
source = "registry+https://github.com/rust-lang/crates.io-index"
checksum = "a3f87b73ce11b1619a3c6332f45341e0047173771e8b8b73f87bfeefb7b56244"

[[package]]
name = "tree-sitter"
version = "0.19.5"
source = "registry+https://github.com/rust-lang/crates.io-index"
checksum = "ad726ec26496bf4c083fff0f43d4eb3a2ad1bba305323af5ff91383c0b6ecac0"
dependencies = [
 "cc",
 "regex",
]

[[package]]
name = "tree-sitter"
version = "0.20.9"
source = "registry+https://github.com/rust-lang/crates.io-index"
checksum = "d4423c784fe11398ca91e505cdc71356b07b1a924fc8735cfab5333afe3e18bc"
dependencies = [
 "cc",
 "regex",
]

[[package]]
name = "tree-sitter-erlang"
version = "0.0.1"
source = "registry+https://github.com/rust-lang/crates.io-index"
checksum = "2fa22bb1b6121884ddafedecd37362dca27dcff44604d3a69a7a012126ca9198"
dependencies = [
 "cc",
 "tree-sitter 0.20.9",
]

[[package]]
name = "tree-sitter-go"
version = "0.19.1"
source = "registry+https://github.com/rust-lang/crates.io-index"
checksum = "71967701c8214be4aa77e0260e98361e6fd71ceec1d9d03abb37a22c9f60d0ff"
dependencies = [
 "cc",
 "tree-sitter 0.20.9",
]

[[package]]
name = "tree-sitter-javascript"
version = "0.20.0"
source = "registry+https://github.com/rust-lang/crates.io-index"
checksum = "2490fab08630b2c8943c320f7b63473cbf65511c8d83aec551beb9b4375906ed"
dependencies = [
 "cc",
 "tree-sitter 0.20.9",
]

[[package]]
name = "tree-sitter-ocaml"
version = "0.19.0"
source = "registry+https://github.com/rust-lang/crates.io-index"
checksum = "0d881da432193e7eea77c8973112d0f58f34d019e6b6be64c341b8e9214aaa07"
dependencies = [
 "cc",
 "tree-sitter 0.19.5",
]

[[package]]
name = "tree-sitter-python"
version = "0.20.2"
source = "registry+https://github.com/rust-lang/crates.io-index"
checksum = "dda114f58048f5059dcf158aff691dffb8e113e6d2b50d94263fd68711975287"
dependencies = [
 "cc",
 "tree-sitter 0.20.9",
]

[[package]]
name = "tree-sitter-ruby"
version = "0.19.0"
source = "registry+https://github.com/rust-lang/crates.io-index"
checksum = "38b8d9d12b864a5f587052046be0bb8c7ae005df605b3150224472c41705268d"
dependencies = [
 "cc",
 "tree-sitter 0.19.5",
]

[[package]]
name = "tree-sitter-rust"
version = "0.20.1"
source = "registry+https://github.com/rust-lang/crates.io-index"
checksum = "13470fafb7327a3acf96f5bc1013b5539a899a182f01c59b5af53f6b93195717"
dependencies = [
 "cc",
 "tree-sitter 0.20.9",
]

[[package]]
name = "tree-sitter-swift"
version = "0.3.4"
source = "registry+https://github.com/rust-lang/crates.io-index"
checksum = "7fe0df6a792c4cd3066239195b65a322066c9ebbff58686a9de3e9ad9f25b510"
dependencies = [
 "cc",
 "tree-sitter 0.20.9",
]

[[package]]
name = "tree-sitter-typescript"
version = "0.20.1"
source = "registry+https://github.com/rust-lang/crates.io-index"
checksum = "4e8ed0ecb931cdff13c6a13f45ccd615156e2779d9ffb0395864e05505e6e86d"
dependencies = [
 "cc",
 "tree-sitter 0.20.9",
]
