%{
  "bcrypt": {:git, "https://github.com/emqx/erlang-bcrypt.git", "dc2ba66acf2332c111362d01137746eefecc5e90", [tag: "0.6.0"]},
  "bson": {:git, "https://github.com/comtihon/bson-erlang.git", "14308ab927cfa69324742c3de720578094e0bb19", [tag: "v0.2.2"]},
  "cowboy": {:git, "https://github.com/emqx/cowboy.git", "c8e2b9e069655ad166702a7deb935cabddc85888", [tag: "2.9.0"]},
  "cowboy_swagger": {:git, "https://github.com/inaka/cowboy_swagger", "bc441df7988da0f5c5d11ae0861c394dc30995c5", [tag: "2.5.0"]},
  "cowlib": {:git, "https://github.com/ninenines/cowlib.git", "c6553f8308a2ca5dcd69d845f0a7d098c40c3363", [ref: "c6553f8308a2ca5dcd69d845f0a7d098c40c3363"]},
  "ecpool": {:git, "https://github.com/emqx/ecpool.git", "8cd58f169239b96f8aa9a6cfdb5fa0275038ed1b", [tag: "0.5.2"]},
  "eetcd": {:git, "https://github.com/zhongwencool/eetcd", "69d50aca98247953ee8a3ff58423a693f8318d90", [tag: "v0.3.4"]},
  "ehttpc": {:git, "https://github.com/emqx/ehttpc.git", "2ba4b8a370bf0607c61647354b02a02411fe75c0", [tag: "0.3.0"]},
  "ekka": {:git, "https://github.com/emqx/ekka.git", "2a2dec9b434855f0d5d507a19d5b8d05d5ff9ddb", [tag: "0.13.5"]},
  "eldap2": {:git, "https://github.com/emqx/eldap2", "f595f67b094db3b9dc07941337706621e815431f", [tag: "v0.2.2"]},
  "emqtt": {:git, "https://github.com/emqx/emqtt.git", "51c809ff9081bde73d7996d7d40472789c4038b6", [tag: "1.6.0"]},
  "emqx_http_lib": {:git, "https://github.com/emqx/emqx_http_lib.git", "b76c2f69013de0bf80b44e5f51c57ef6c9bb1baf", [tag: "0.5.1"]},
  "epgsql": {:git, "https://github.com/emqx/epgsql.git", "f2a97ea8c7690d8d263a6d4c44427da0712c4cd7", [tag: "4.7-emqx.2"]},
  "eredis": {:git, "https://github.com/emqx/eredis", "deb3c6c49485113f3b60faf10f9e90e330f89cc6", [tag: "1.2.6"]},
  "eredis_cluster": {:git, "https://github.com/emqx/eredis_cluster", "f60b132c3d08b44a1df8f1d98b91b20ecc47f831", [tag: "0.7.1"]},
  "esasl": {:git, "https://github.com/emqx/esasl.git", "96d7ac9f6c156017dd35b30df2dd722ae469c7f0", [tag: "0.2.0"]},
  "esockd": {:git, "https://github.com/emqx/esockd.git", "26fffb6caad8f9c9ad6fecc6ac9db232150af39f", [tag: "5.9.4"]},
  "estatsd": {:git, "https://github.com/emqx/estatsd", "5184d846b7ecb83509bd4d32695c60428c0198cd", [tag: "0.1.0"]},
  "gen_rpc": {:git, "https://github.com/emqx/gen_rpc.git", "b4e170f507d766b82bdd0d7929f6f7e0847670c3", [tag: "2.8.1"]},
  "getopt": {:hex, :getopt, "1.0.2", "33d9b44289fe7ad08627ddfe1d798e30b2da0033b51da1b3a2d64e72cd581d02", [:rebar3], [], "hexpm", "a0029aea4322fb82a61f6876a6d9c66dc9878b6cb61faa13df3187384fd4ea26"},
  "gpb": {:hex, :gpb, "4.19.5", "ff9d434308fd205c07b662a86c37e9579a8c9a04ad511d2c4dd63430a59f4729", [:make, :rebar3], [], "hexpm", "21b76750d66b459ce40cb14298fb38ef8e0161d9b672a5284585c02563806f8e"},
  "gproc": {:git, "https://github.com/uwiger/gproc.git", "ce7397809aca0d6eb3aac6db65953752e47fb511", [tag: "0.8.0"]},
  "grpc": {:git, "https://github.com/emqx/grpc-erl.git", "b924b39b7f46f7b3604b2f36ab3c824d320d68a1", [tag: "0.6.7"]},
  "gun": {:git, "https://github.com/emqx/gun.git", "4faea40b9a8ca1eac5288355f8202e0cea379d50", [tag: "1.3.7"]},
  "hocon": {:git, "https://github.com/emqx/hocon.git", "bf12c0836683284ba7139644cd856834904372ae", [tag: "0.30.0"]},
  "jiffy": {:git, "https://github.com/emqx/jiffy.git", "baa1f4e750ae3c5c9e54f9c2e52280b7fc24a8d9", [tag: "1.0.5"]},
  "jose": {:git, "https://github.com/potatosalad/erlang-jose.git", "991649695aaccd92c8effb1c1e88e6159fe8e9a6", [tag: "1.11.2"]},
  "jq": {:git, "https://github.com/emqx/jq.git", "82a09c09e03b90e4cbefd74f6f3a413ee2865a38", [tag: "v0.3.6"]},
  "jsx": {:git, "https://github.com/talentdeficit/jsx.git", "bb9b3e570a7efe331eed0900c3a5188043a850d7", [tag: "v3.1.0"]},
  "lc": {:git, "https://github.com/emqx/lc.git", "a6ceb0b67493ab4d0fcb9bd4b902a0e5b6413934", [tag: "0.3.1"]},
  "minirest": {:git, "https://github.com/emqx/minirest.git", "54f7919c06303a07088a2cee118b3233a777d07c", [tag: "1.3.7"]},
  "mnesia_rocksdb": {:git, "https://github.com/emqx/mnesia_rocksdb", "e234ee615854ffc10a5242296bbba4b0c61511a8", [tag: "0.1.10"]},
  "mongodb": {:git, "https://github.com/emqx/mongodb-erlang", "e017c4e88163a36edd7cfa658c6dc89e327b4f41", [tag: "v3.0.13"]},
  "mria": {:git, "https://github.com/emqx/mria", "ab651457515ca0a6552b8f50911429e570af726f", [tag: "0.2.12"]},
  "mysql": {:git, "https://github.com/emqx/mysql-otp", "bdabac44cc8836a9e23897b7e1b77c7df7e04f70", [tag: "1.7.1"]},
  "observer_cli": {:hex, :observer_cli, "1.7.1", "c9ca1f623a3ef0158283a3c37cd7b7235bfe85927ad6e26396dd247e2057f5a1", [:mix, :rebar3], [{:recon, "~> 2.5.1", [hex: :recon, repo: "hexpm", optional: false]}], "hexpm", "4ccafaaa2ce01b85ddd14591f4d5f6731b4e13b610a70fb841f0701178478280"},
  "pbkdf2": {:git, "https://github.com/emqx/erlang-pbkdf2.git", "45d9981209ea07a83a58cf85aaf8236457da4342", [tag: "2.0.4"]},
  "poolboy": {:git, "https://github.com/emqx/poolboy.git", "29be47db8c2be38b18c908e43a80ebb7b9b6116b", [tag: "1.5.2"]},
  "prometheus": {:git, "https://github.com/deadtrickster/prometheus.erl", "3245220e5b51c8005c84c2683fda1108b736badd", [tag: "v4.8.1"]},
  "quantile_estimator": {:hex, :quantile_estimator, "0.2.1", "ef50a361f11b5f26b5f16d0696e46a9e4661756492c981f7b2229ef42ff1cd15", [:rebar3], [], "hexpm", "282a8a323ca2a845c9e6f787d166348f776c1d4a41ede63046d72d422e3da946"},
  "ranch": {:git, "https://github.com/ninenines/ranch.git", "a692f44567034dacf5efcaa24a24183788594eb7", [ref: "a692f44567034dacf5efcaa24a24183788594eb7"]},
  "recon": {:git, "https://github.com/ferd/recon.git", "f7b6c08e6e9e2219db58bfb012c58c178822e01e", [tag: "2.5.1"]},
  "redbug": {:hex, :redbug, "2.0.7", "40f477681e4957a1ebce19b23a9b53cd8113da6133014c506e3e194a6e4ffc89", [:rebar3], [], "hexpm", "3624feb7a4b78fd9ae0e66cc3158fe7422770ad6987a1ebf8df4d3303b1c4b0c"},
  "replayq": {:hex, :replayq, "0.3.4", "50bceca778e6a239bbdce6a9a70f7ca42ba8edee8121a432e8082447c73f98ef", [:rebar3], [], "hexpm", "fc35b84d50ad9118974768936da1dd321f023106a188c31800ae61eb45a094f7"},
  "rocksdb": {:git, "https://github.com/emqx/erlang-rocksdb.git", "84928ef578e3d0252f0b424f2d65dec75176e6d9", [tag: "1.7.2-emqx-6"]},
  "rulesql": {:git, "https://github.com/emqx/rulesql.git", "fec11b1a3cbf98480d19c06d3aca10442e1e02a9", [tag: "0.1.4"]},
  "sext": {:hex, :sext, "1.8.0", "90a95b889f5c781b70bbcf44278b763148e313c376b60d87ce664cb1c1dd29b5", [:rebar3], [], "hexpm", "bc6016cb8690baf677eacacfe6e7cadfec8dc7e286cbbed762f6cd55b0678e73"},
  "snabbkaffe": {:git, "https://github.com/kafka4beam/snabbkaffe.git", "758ab63171dc71e775fae4be06a3d8b1f80da1f1", [tag: "1.0.0"]},
  "supervisor3": {:hex, :supervisor3, "1.1.9", "f1a3cc12fb6197526f548e79c9fe2b4af0c74efb8a687917b3b1ebe5e9c9368d", [:rebar3], [], "hexpm", "71b177c08f8cab9ec8ecb81c1aa28a23bbc24aac4b468c2db69840229d78d5c4"},
  "system_monitor": {:git, "https://github.com/ieQu1/system_monitor.git", "95db1792e2763ba2af1cf79484cac383ebec8192", [tag: "3.0.3"]},
  "trails": {:hex, :trails, "2.3.0", "b09703f056705f4943e14fff077b98c711a6f48fad40f4ff0b350794074ad69c", [:rebar3], [{:cowboy, "2.8.0", [hex: :cowboy, repo: "hexpm", optional: false]}, {:ranch, "2.0.0", [hex: :ranch, repo: "hexpm", optional: false]}], "hexpm", "40804001eb80417aa9d02400f39b7216956c3f251539a8a6096a69b3fac0ea07"},
  "typerefl": {:git, "https://github.com/ieQu1/typerefl.git", "310b82ff02f96207c519b9556491433b6ea02d01", [tag: "0.9.1"]},
}
